{
  "requires": true,
  "lockfileVersion": 1,
  "dependencies": {
    "@turf/bbox": {
      "version": "4.7.3",
      "resolved": "https://registry.npmjs.org/@turf/bbox/-/bbox-4.7.3.tgz",
      "integrity": "sha1-461PEKfptBtSKIDTMIMZgZkFkGc=",
      "requires": {
        "@turf/meta": "^4.7.3"
      }
    },
    "@turf/helpers": {
      "version": "4.7.3",
      "resolved": "https://registry.npmjs.org/@turf/helpers/-/helpers-4.7.3.tgz",
      "integrity": "sha1-vDEqxDyrPFMqSDFRxMOCxWSUKek="
    },
    "@turf/meta": {
      "version": "4.7.4",
      "resolved": "https://registry.npmjs.org/@turf/meta/-/meta-4.7.4.tgz",
      "integrity": "sha1-beLx6YkLj2S2aeS0fAmyCJMGOXc="
    },
    "@types/geojson": {
      "version": "7946.0.7",
      "resolved": "https://registry.npmjs.org/@types/geojson/-/geojson-7946.0.7.tgz",
      "integrity": "sha512-wE2v81i4C4Ol09RtsWFAqg3BUitWbHSpSlIo+bNdsCJijO9sjme+zm+73ZMCa/qMC8UEERxzGbvmr1cffo2SiQ=="
    },
    "@types/supercluster": {
      "version": "5.0.2",
      "resolved": "https://registry.npmjs.org/@types/supercluster/-/supercluster-5.0.2.tgz",
      "integrity": "sha512-5PONNyiZXHS6oiW0H1rsNQ+Apkg+cqp3jP4HRhCAcgASIj3ifrFsdj1QB5TvArqT5N8RetK6UH7873COgRZwoQ==",
      "requires": {
        "@types/geojson": "*"
      }
    },
    "deep-equal": {
      "version": "1.0.1",
      "resolved": "https://registry.npmjs.org/deep-equal/-/deep-equal-1.0.1.tgz",
      "integrity": "sha1-9dJgKStmDghO/0zbyfCK0yR0SLU="
    },
    "kdbush": {
      "version": "3.0.0",
      "resolved": "https://registry.npmjs.org/kdbush/-/kdbush-3.0.0.tgz",
      "integrity": "sha512-hRkd6/XW4HTsA9vjVpY9tuXJYLSlelnkTmVFu4M9/7MIYQtFcHpbugAU7UbOfjOiVSVYl2fqgBuJ32JUmRo5Ew=="
    },
    "react-mapbox-gl": {
      "version": "4.8.6",
      "resolved": "https://registry.npmjs.org/react-mapbox-gl/-/react-mapbox-gl-4.8.6.tgz",
      "integrity": "sha512-e6rJ4GFye2AIu10I0a0OfleIWYkigIMIysoSKCA4Wg5YHa52JRHq2F3x0c0cnhqfz1txnUhXUbkx2qqs8B6kKQ==",
      "requires": {
        "@turf/bbox": "4.7.3",
        "@turf/helpers": "4.7.3",
        "@types/supercluster": "^5.0.1",
        "deep-equal": "1.0.1",
        "supercluster": "^7.0.0"
      }
    },
    "supercluster": {
      "version": "7.1.0",
      "resolved": "https://registry.npmjs.org/supercluster/-/supercluster-7.1.0.tgz",
      "integrity": "sha512-LDasImUAFMhTqhK+cUXfy9C2KTUqJ3gucLjmNLNFmKWOnDUBxLFLH9oKuXOTCLveecmxh8fbk8kgh6Q0gsfe2w==",
      "requires": {
        "kdbush": "^3.0.0"
      }
    }
  }
}
